
Microsoft Visual Studio Solution File, Format Version 12.00
# Visual Studio Version 17
VisualStudioVersion = 17.2.32519.379
MinimumVisualStudioVersion = 10.0.40219.1
Project("{888888A0-9F3D-457C-B088-3A5042F75D52}") = "Viigadeparandus", "Viigadeparandus.pyproj", "{DFBEF398-251F-48D0-9A58-3BDFBB56C5DE}"
EndProject
Global
	GlobalSection(SolutionConfigurationPlatforms) = preSolution
		Debug|Any CPU = Debug|Any CPU
		Release|Any CPU = Release|Any CPU
	EndGlobalSection
	GlobalSection(ProjectConfigurationPlatforms) = postSolution
		{DFBEF398-251F-48D0-9A58-3BDFBB56C5DE}.Debug|Any CPU.ActiveCfg = Debug|Any CPU
		{DFBEF398-251F-48D0-9A58-3BDFBB56C5DE}.Release|Any CPU.ActiveCfg = Release|Any CPU
	EndGlobalSection
	GlobalSection(SolutionProperties) = preSolution
		HideSolutionNode = FALSE
	EndGlobalSection
	GlobalSection(ExtensibilityGlobals) = postSolution
		SolutionGuid = {7F360AD1-B665-4AFC-B879-97434C046CA9}
	EndGlobalSection
EndGlobal
